
Microsoft Visual Studio Solution File, Format Version 12.00
# Visual Studio Version 17
VisualStudioVersion = 17.1.32421.90
MinimumVisualStudioVersion = 10.0.40219.1
Project("{FAE04EC0-301F-11D3-BF4B-00C04F79EFBC}") = "Assignment3", "Assignment3.csproj", "{70156E5F-6E76-4E25-A9A0-660C8ED3B8C7}"
EndProject
Global
	GlobalSection(SolutionConfigurationPlatforms) = preSolution
		Debug|Any CPU = Debug|Any CPU
		Release|Any CPU = Release|Any CPU
	EndGlobalSection
	GlobalSection(ProjectConfigurationPlatforms) = postSolution
		{70156E5F-6E76-4E25-A9A0-660C8ED3B8C7}.Debug|Any CPU.ActiveCfg = Debug|Any CPU
		{70156E5F-6E76-4E25-A9A0-660C8ED3B8C7}.Debug|Any CPU.Build.0 = Debug|Any CPU
		{70156E5F-6E76-4E25-A9A0-660C8ED3B8C7}.Release|Any CPU.ActiveCfg = Release|Any CPU
		{70156E5F-6E76-4E25-A9A0-660C8ED3B8C7}.Release|Any CPU.Build.0 = Release|Any CPU
	EndGlobalSection
	GlobalSection(SolutionProperties) = preSolution
		HideSolutionNode = FALSE
	EndGlobalSection
	GlobalSection(ExtensibilityGlobals) = postSolution
		SolutionGuid = {3539A707-7203-4A25-A55C-9EF04F54B44A}
	EndGlobalSection
EndGlobal
