
Microsoft Visual Studio Solution File, Format Version 12.00
# Visual Studio Version 17
VisualStudioVersion = 17.1.32421.90
MinimumVisualStudioVersion = 10.0.40219.1
Project("{FAE04EC0-301F-11D3-BF4B-00C04F79EFBC}") = "Assignment5", "Assignment5.csproj", "{D537465E-38BE-4ED5-9B4A-F7D111F01674}"
EndProject
Global
	GlobalSection(SolutionConfigurationPlatforms) = preSolution
		Debug|Any CPU = Debug|Any CPU
		Release|Any CPU = Release|Any CPU
	EndGlobalSection
	GlobalSection(ProjectConfigurationPlatforms) = postSolution
		{D537465E-38BE-4ED5-9B4A-F7D111F01674}.Debug|Any CPU.ActiveCfg = Debug|Any CPU
		{D537465E-38BE-4ED5-9B4A-F7D111F01674}.Debug|Any CPU.Build.0 = Debug|Any CPU
		{D537465E-38BE-4ED5-9B4A-F7D111F01674}.Release|Any CPU.ActiveCfg = Release|Any CPU
		{D537465E-38BE-4ED5-9B4A-F7D111F01674}.Release|Any CPU.Build.0 = Release|Any CPU
	EndGlobalSection
	GlobalSection(SolutionProperties) = preSolution
		HideSolutionNode = FALSE
	EndGlobalSection
	GlobalSection(ExtensibilityGlobals) = postSolution
		SolutionGuid = {1BFFFB2C-01AF-47BF-A535-F54AE87177D3}
	EndGlobalSection
EndGlobal
